// !$*UTF8*$!
{
	archiveVersion = 1;
	classes = {
	};
	objectVersion = 56;
	objects = {

/* Begin PBXBuildFile section */
		1E0E28E42A24E4850072D935 /* AppDelegate.swift in Sources */ = {isa = PBXBuildFile; fileRef = 1E0E28E32A24E4850072D935 /* AppDelegate.swift */; };
		1E0E28E62A24E4850072D935 /* SceneDelegate.swift in Sources */ = {isa = PBXBuildFile; fileRef = 1E0E28E52A24E4850072D935 /* SceneDelegate.swift */; };
		1E0E28E82A24E4850072D935 /* ViewController.swift in Sources */ = {isa = PBXBuildFile; fileRef = 1E0E28E72A24E4850072D935 /* ViewController.swift */; };
		1E0E28EB2A24E4850072D935 /* Main.storyboard in Resources */ = {isa = PBXBuildFile; fileRef = 1E0E28E92A24E4850072D935 /* Main.storyboard */; };
		1E0E28ED2A24E4880072D935 /* Assets.xcassets in Resources */ = {isa = PBXBuildFile; fileRef = 1E0E28EC2A24E4880072D935 /* Assets.xcassets */; };
		1E0E28F02A24E4880072D935 /* LaunchScreen.storyboard in Resources */ = {isa = PBXBuildFile; fileRef = 1E0E28EE2A24E4880072D935 /* LaunchScreen.storyboard */; };
		1E0E28FB2A24E4880072D935 /* AutoTest_GithubAction_iOSTests.swift in Sources */ = {isa = PBXBuildFile; fileRef = 1E0E28FA2A24E4880072D935 /* AutoTest_GithubAction_iOSTests.swift */; };
		1E0E29052A24E4880072D935 /* AutoTest_GithubAction_iOSUITests.swift in Sources */ = {isa = PBXBuildFile; fileRef = 1E0E29042A24E4880072D935 /* AutoTest_GithubAction_iOSUITests.swift */; };
		1E0E29072A24E4880072D935 /* AutoTest_GithubAction_iOSUITestsLaunchTests.swift in Sources */ = {isa = PBXBuildFile; fileRef = 1E0E29062A24E4880072D935 /* AutoTest_GithubAction_iOSUITestsLaunchTests.swift */; };
		6B0B9AE2A7AB7D5DEBB10AFF /* Pods_AutoTest_GithubAction_iOSTests.framework in Frameworks */ = {isa = PBXBuildFile; fileRef = 617E037845606FD5670A0359 /* Pods_AutoTest_GithubAction_iOSTests.framework */; };
		9E3CFD0F8D9DC9D31D07B88F /* Pods_AutoTest_GithubAction_iOS_AutoTest_GithubAction_iOSUITests.framework in Frameworks */ = {isa = PBXBuildFile; fileRef = 7C44331F69AD8D19CB2D0005 /* Pods_AutoTest_GithubAction_iOS_AutoTest_GithubAction_iOSUITests.framework */; };
		DD3713058F6DA27F2C46059C /* Pods_AutoTest_GithubAction_iOS.framework in Frameworks */ = {isa = PBXBuildFile; fileRef = 38E2B024CDA31C4C5752847B /* Pods_AutoTest_GithubAction_iOS.framework */; };
/* End PBXBuildFile section */

/* Begin PBXContainerItemProxy section */
		1E0E28F72A24E4880072D935 /* PBXContainerItemProxy */ = {
			isa = PBXContainerItemProxy;
			containerPortal = 1E0E28D82A24E4850072D935 /* Project object */;
			proxyType = 1;
			remoteGlobalIDString = 1E0E28DF2A24E4850072D935;
			remoteInfo = AutoTest_GithubAction_iOS;
		};
		1E0E29012A24E4880072D935 /* PBXContainerItemProxy */ = {
			isa = PBXContainerItemProxy;
			containerPortal = 1E0E28D82A24E4850072D935 /* Project object */;
			proxyType = 1;
			remoteGlobalIDString = 1E0E28DF2A24E4850072D935;
			remoteInfo = AutoTest_GithubAction_iOS;
		};
/* End PBXContainerItemProxy section */

/* Begin PBXFileReference section */
		0519F8A084B147A06410B311 /* Pods-AutoTest_GithubAction_iOS-AutoTest_GithubAction_iOSUITests.debug.xcconfig */ = {isa = PBXFileReference; includeInIndex = 1; lastKnownFileType = text.xcconfig; name = "Pods-AutoTest_GithubAction_iOS-AutoTest_GithubAction_iOSUITests.debug.xcconfig"; path = "Target Support Files/Pods-AutoTest_GithubAction_iOS-AutoTest_GithubAction_iOSUITests/Pods-AutoTest_GithubAction_iOS-AutoTest_GithubAction_iOSUITests.debug.xcconfig"; sourceTree = "<group>"; };
		0D6937C71C5A14ADDBB8602A /* Pods-AutoTest_GithubAction_iOSTests.debug.xcconfig */ = {isa = PBXFileReference; includeInIndex = 1; lastKnownFileType = text.xcconfig; name = "Pods-AutoTest_GithubAction_iOSTests.debug.xcconfig"; path = "Target Support Files/Pods-AutoTest_GithubAction_iOSTests/Pods-AutoTest_GithubAction_iOSTests.debug.xcconfig"; sourceTree = "<group>"; };
		1C09955EC72D2B05D0A134C2 /* Pods-AutoTest_GithubAction_iOS.release.xcconfig */ = {isa = PBXFileReference; includeInIndex = 1; lastKnownFileType = text.xcconfig; name = "Pods-AutoTest_GithubAction_iOS.release.xcconfig"; path = "Target Support Files/Pods-AutoTest_GithubAction_iOS/Pods-AutoTest_GithubAction_iOS.release.xcconfig"; sourceTree = "<group>"; };
		1E0E28E02A24E4850072D935 /* AutoTest_GithubAction_iOS.app */ = {isa = PBXFileReference; explicitFileType = wrapper.application; includeInIndex = 0; path = AutoTest_GithubAction_iOS.app; sourceTree = BUILT_PRODUCTS_DIR; };
		1E0E28E32A24E4850072D935 /* AppDelegate.swift */ = {isa = PBXFileReference; lastKnownFileType = sourcecode.swift; path = AppDelegate.swift; sourceTree = "<group>"; };
		1E0E28E52A24E4850072D935 /* SceneDelegate.swift */ = {isa = PBXFileReference; lastKnownFileType = sourcecode.swift; path = SceneDelegate.swift; sourceTree = "<group>"; };
		1E0E28E72A24E4850072D935 /* ViewController.swift */ = {isa = PBXFileReference; lastKnownFileType = sourcecode.swift; path = ViewController.swift; sourceTree = "<group>"; };
		1E0E28EA2A24E4850072D935 /* Base */ = {isa = PBXFileReference; lastKnownFileType = file.storyboard; name = Base; path = Base.lproj/Main.storyboard; sourceTree = "<group>"; };
		1E0E28EC2A24E4880072D935 /* Assets.xcassets */ = {isa = PBXFileReference; lastKnownFileType = folder.assetcatalog; path = Assets.xcassets; sourceTree = "<group>"; };
		1E0E28EF2A24E4880072D935 /* Base */ = {isa = PBXFileReference; lastKnownFileType = file.storyboard; name = Base; path = Base.lproj/LaunchScreen.storyboard; sourceTree = "<group>"; };
		1E0E28F12A24E4880072D935 /* Info.plist */ = {isa = PBXFileReference; lastKnownFileType = text.plist.xml; path = Info.plist; sourceTree = "<group>"; };
		1E0E28F62A24E4880072D935 /* AutoTest_GithubAction_iOSTests.xctest */ = {isa = PBXFileReference; explicitFileType = wrapper.cfbundle; includeInIndex = 0; path = AutoTest_GithubAction_iOSTests.xctest; sourceTree = BUILT_PRODUCTS_DIR; };
		1E0E28FA2A24E4880072D935 /* AutoTest_GithubAction_iOSTests.swift */ = {isa = PBXFileReference; lastKnownFileType = sourcecode.swift; path = AutoTest_GithubAction_iOSTests.swift; sourceTree = "<group>"; };
		1E0E29002A24E4880072D935 /* AutoTest_GithubAction_iOSUITests.xctest */ = {isa = PBXFileReference; explicitFileType = wrapper.cfbundle; includeInIndex = 0; path = AutoTest_GithubAction_iOSUITests.xctest; sourceTree = BUILT_PRODUCTS_DIR; };
		1E0E29042A24E4880072D935 /* AutoTest_GithubAction_iOSUITests.swift */ = {isa = PBXFileReference; lastKnownFileType = sourcecode.swift; path = AutoTest_GithubAction_iOSUITests.swift; sourceTree = "<group>"; };
		1E0E29062A24E4880072D935 /* AutoTest_GithubAction_iOSUITestsLaunchTests.swift */ = {isa = PBXFileReference; lastKnownFileType = sourcecode.swift; path = AutoTest_GithubAction_iOSUITestsLaunchTests.swift; sourceTree = "<group>"; };
		38E2B024CDA31C4C5752847B /* Pods_AutoTest_GithubAction_iOS.framework */ = {isa = PBXFileReference; explicitFileType = wrapper.framework; includeInIndex = 0; path = Pods_AutoTest_GithubAction_iOS.framework; sourceTree = BUILT_PRODUCTS_DIR; };
		617E037845606FD5670A0359 /* Pods_AutoTest_GithubAction_iOSTests.framework */ = {isa = PBXFileReference; explicitFileType = wrapper.framework; includeInIndex = 0; path = Pods_AutoTest_GithubAction_iOSTests.framework; sourceTree = BUILT_PRODUCTS_DIR; };
		7C44331F69AD8D19CB2D0005 /* Pods_AutoTest_GithubAction_iOS_AutoTest_GithubAction_iOSUITests.framework */ = {isa = PBXFileReference; explicitFileType = wrapper.framework; includeInIndex = 0; path = Pods_AutoTest_GithubAction_iOS_AutoTest_GithubAction_iOSUITests.framework; sourceTree = BUILT_PRODUCTS_DIR; };
		928C36DED2EDF0948AA59E6A /* Pods-AutoTest_GithubAction_iOS-AutoTest_GithubAction_iOSUITests.release.xcconfig */ = {isa = PBXFileReference; includeInIndex = 1; lastKnownFileType = text.xcconfig; name = "Pods-AutoTest_GithubAction_iOS-AutoTest_GithubAction_iOSUITests.release.xcconfig"; path = "Target Support Files/Pods-AutoTest_GithubAction_iOS-AutoTest_GithubAction_iOSUITests/Pods-AutoTest_GithubAction_iOS-AutoTest_GithubAction_iOSUITests.release.xcconfig"; sourceTree = "<group>"; };
		AA4B951DF67D9624E4A581BE /* Pods-AutoTest_GithubAction_iOS.debug.xcconfig */ = {isa = PBXFileReference; includeInIndex = 1; lastKnownFileType = text.xcconfig; name = "Pods-AutoTest_GithubAction_iOS.debug.xcconfig"; path = "Target Support Files/Pods-AutoTest_GithubAction_iOS/Pods-AutoTest_GithubAction_iOS.debug.xcconfig"; sourceTree = "<group>"; };
		E555D07B0EA5AEA84FBFFEC1 /* Pods-AutoTest_GithubAction_iOSTests.release.xcconfig */ = {isa = PBXFileReference; includeInIndex = 1; lastKnownFileType = text.xcconfig; name = "Pods-AutoTest_GithubAction_iOSTests.release.xcconfig"; path = "Target Support Files/Pods-AutoTest_GithubAction_iOSTests/Pods-AutoTest_GithubAction_iOSTests.release.xcconfig"; sourceTree = "<group>"; };
/* End PBXFileReference section */

/* Begin PBXFrameworksBuildPhase section */
		1E0E28DD2A24E4850072D935 /* Frameworks */ = {
			isa = PBXFrameworksBuildPhase;
			buildActionMask = 2147483647;
			files = (
				DD3713058F6DA27F2C46059C /* Pods_AutoTest_GithubAction_iOS.framework in Frameworks */,
			);
			runOnlyForDeploymentPostprocessing = 0;
		};
		1E0E28F32A24E4880072D935 /* Frameworks */ = {
			isa = PBXFrameworksBuildPhase;
			buildActionMask = 2147483647;
			files = (
				6B0B9AE2A7AB7D5DEBB10AFF /* Pods_AutoTest_GithubAction_iOSTests.framework in Frameworks */,
			);
			runOnlyForDeploymentPostprocessing = 0;
		};
		1E0E28FD2A24E4880072D935 /* Frameworks */ = {
			isa = PBXFrameworksBuildPhase;
			buildActionMask = 2147483647;
			files = (
				9E3CFD0F8D9DC9D31D07B88F /* Pods_AutoTest_GithubAction_iOS_AutoTest_GithubAction_iOSUITests.framework in Frameworks */,
			);
			runOnlyForDeploymentPostprocessing = 0;
		};
/* End PBXFrameworksBuildPhase section */

/* Begin PBXGroup section */
		1E0E28D72A24E4850072D935 = {
			isa = PBXGroup;
			children = (
				1E0E28E22A24E4850072D935 /* AutoTest_GithubAction_iOS */,
				1E0E28F92A24E4880072D935 /* AutoTest_GithubAction_iOSTests */,
				1E0E29032A24E4880072D935 /* AutoTest_GithubAction_iOSUITests */,
				1E0E28E12A24E4850072D935 /* Products */,
				D60017FFB25047F49BA96DF3 /* Pods */,
				56964C3B5D93F86885F72B0A /* Frameworks */,
			);
			sourceTree = "<group>";
		};
		1E0E28E12A24E4850072D935 /* Products */ = {
			isa = PBXGroup;
			children = (
				1E0E28E02A24E4850072D935 /* AutoTest_GithubAction_iOS.app */,
				1E0E28F62A24E4880072D935 /* AutoTest_GithubAction_iOSTests.xctest */,
				1E0E29002A24E4880072D935 /* AutoTest_GithubAction_iOSUITests.xctest */,
			);
			name = Products;
			sourceTree = "<group>";
		};
		1E0E28E22A24E4850072D935 /* AutoTest_GithubAction_iOS */ = {
			isa = PBXGroup;
			children = (
				1E0E28E32A24E4850072D935 /* AppDelegate.swift */,
				1E0E28E52A24E4850072D935 /* SceneDelegate.swift */,
				1E0E28E72A24E4850072D935 /* ViewController.swift */,
				1E0E28E92A24E4850072D935 /* Main.storyboard */,
				1E0E28EC2A24E4880072D935 /* Assets.xcassets */,
				1E0E28EE2A24E4880072D935 /* LaunchScreen.storyboard */,
				1E0E28F12A24E4880072D935 /* Info.plist */,
			);
			path = AutoTest_GithubAction_iOS;
			sourceTree = "<group>";
		};
		1E0E28F92A24E4880072D935 /* AutoTest_GithubAction_iOSTests */ = {
			isa = PBXGroup;
			children = (
				1E0E28FA2A24E4880072D935 /* AutoTest_GithubAction_iOSTests.swift */,
			);
			path = AutoTest_GithubAction_iOSTests;
			sourceTree = "<group>";
		};
		1E0E29032A24E4880072D935 /* AutoTest_GithubAction_iOSUITests */ = {
			isa = PBXGroup;
			children = (
				1E0E29042A24E4880072D935 /* AutoTest_GithubAction_iOSUITests.swift */,
				1E0E29062A24E4880072D935 /* AutoTest_GithubAction_iOSUITestsLaunchTests.swift */,
			);
			path = AutoTest_GithubAction_iOSUITests;
			sourceTree = "<group>";
		};
		56964C3B5D93F86885F72B0A /* Frameworks */ = {
			isa = PBXGroup;
			children = (
				38E2B024CDA31C4C5752847B /* Pods_AutoTest_GithubAction_iOS.framework */,
				7C44331F69AD8D19CB2D0005 /* Pods_AutoTest_GithubAction_iOS_AutoTest_GithubAction_iOSUITests.framework */,
				617E037845606FD5670A0359 /* Pods_AutoTest_GithubAction_iOSTests.framework */,
			);
			name = Frameworks;
			sourceTree = "<group>";
		};
		D60017FFB25047F49BA96DF3 /* Pods */ = {
			isa = PBXGroup;
			children = (
				AA4B951DF67D9624E4A581BE /* Pods-AutoTest_GithubAction_iOS.debug.xcconfig */,
				1C09955EC72D2B05D0A134C2 /* Pods-AutoTest_GithubAction_iOS.release.xcconfig */,
				0519F8A084B147A06410B311 /* Pods-AutoTest_GithubAction_iOS-AutoTest_GithubAction_iOSUITests.debug.xcconfig */,
				928C36DED2EDF0948AA59E6A /* Pods-AutoTest_GithubAction_iOS-AutoTest_GithubAction_iOSUITests.release.xcconfig */,
				0D6937C71C5A14ADDBB8602A /* Pods-AutoTest_GithubAction_iOSTests.debug.xcconfig */,
				E555D07B0EA5AEA84FBFFEC1 /* Pods-AutoTest_GithubAction_iOSTests.release.xcconfig */,
			);
			name = Pods;
			path = Pods;
			sourceTree = "<group>";
		};
/* End PBXGroup section */

/* Begin PBXNativeTarget section */
		1E0E28DF2A24E4850072D935 /* AutoTest_GithubAction_iOS */ = {
			isa = PBXNativeTarget;
			buildConfigurationList = 1E0E290A2A24E4880072D935 /* Build configuration list for PBXNativeTarget "AutoTest_GithubAction_iOS" */;
			buildPhases = (
				5FF805A8E69846CDAF088FF7 /* [CP] Check Pods Manifest.lock */,
				1E0E28DC2A24E4850072D935 /* Sources */,
				1E0E28DD2A24E4850072D935 /* Frameworks */,
				1E0E28DE2A24E4850072D935 /* Resources */,
			);
			buildRules = (
			);
			dependencies = (
			);
			name = AutoTest_GithubAction_iOS;
			productName = AutoTest_GithubAction_iOS;
			productReference = 1E0E28E02A24E4850072D935 /* AutoTest_GithubAction_iOS.app */;
			productType = "com.apple.product-type.application";
		};
		1E0E28F52A24E4880072D935 /* AutoTest_GithubAction_iOSTests */ = {
			isa = PBXNativeTarget;
			buildConfigurationList = 1E0E290D2A24E4880072D935 /* Build configuration list for PBXNativeTarget "AutoTest_GithubAction_iOSTests" */;
			buildPhases = (
				072843F2249D0733874136B3 /* [CP] Check Pods Manifest.lock */,
				1E0E28F22A24E4880072D935 /* Sources */,
				1E0E28F32A24E4880072D935 /* Frameworks */,
				1E0E28F42A24E4880072D935 /* Resources */,
			);
			buildRules = (
			);
			dependencies = (
				1E0E28F82A24E4880072D935 /* PBXTargetDependency */,
			);
			name = AutoTest_GithubAction_iOSTests;
			productName = AutoTest_GithubAction_iOSTests;
			productReference = 1E0E28F62A24E4880072D935 /* AutoTest_GithubAction_iOSTests.xctest */;
			productType = "com.apple.product-type.bundle.unit-test";
		};
		1E0E28FF2A24E4880072D935 /* AutoTest_GithubAction_iOSUITests */ = {
			isa = PBXNativeTarget;
			buildConfigurationList = 1E0E29102A24E4880072D935 /* Build configuration list for PBXNativeTarget "AutoTest_GithubAction_iOSUITests" */;
			buildPhases = (
				1EE651FB4EE0F35888012344 /* [CP] Check Pods Manifest.lock */,
				1E0E28FC2A24E4880072D935 /* Sources */,
				1E0E28FD2A24E4880072D935 /* Frameworks */,
				1E0E28FE2A24E4880072D935 /* Resources */,
			);
			buildRules = (
			);
			dependencies = (
				1E0E29022A24E4880072D935 /* PBXTargetDependency */,
			);
			name = AutoTest_GithubAction_iOSUITests;
			productName = AutoTest_GithubAction_iOSUITests;
			productReference = 1E0E29002A24E4880072D935 /* AutoTest_GithubAction_iOSUITests.xctest */;
			productType = "com.apple.product-type.bundle.ui-testing";
		};
/* End PBXNativeTarget section */

/* Begin PBXProject section */
		1E0E28D82A24E4850072D935 /* Project object */ = {
			isa = PBXProject;
			attributes = {
				BuildIndependentTargetsInParallel = 1;
				LastSwiftUpdateCheck = 1420;
				LastUpgradeCheck = 1420;
				TargetAttributes = {
					1E0E28DF2A24E4850072D935 = {
						CreatedOnToolsVersion = 14.2;
					};
					1E0E28F52A24E4880072D935 = {
						CreatedOnToolsVersion = 14.2;
						TestTargetID = 1E0E28DF2A24E4850072D935;
					};
					1E0E28FF2A24E4880072D935 = {
						CreatedOnToolsVersion = 14.2;
						TestTargetID = 1E0E28DF2A24E4850072D935;
					};
				};
			};
			buildConfigurationList = 1E0E28DB2A24E4850072D935 /* Build configuration list for PBXProject "AutoTest_GithubAction_iOS" */;
			compatibilityVersion = "Xcode 14.0";
			developmentRegion = en;
			hasScannedForEncodings = 0;
			knownRegions = (
				en,
				Base,
			);
			mainGroup = 1E0E28D72A24E4850072D935;
			productRefGroup = 1E0E28E12A24E4850072D935 /* Products */;
			projectDirPath = "";
			projectRoot = "";
			targets = (
				1E0E28DF2A24E4850072D935 /* AutoTest_GithubAction_iOS */,
				1E0E28F52A24E4880072D935 /* AutoTest_GithubAction_iOSTests */,
				1E0E28FF2A24E4880072D935 /* AutoTest_GithubAction_iOSUITests */,
			);
		};
/* End PBXProject section */

/* Begin PBXResourcesBuildPhase section */
		1E0E28DE2A24E4850072D935 /* Resources */ = {
			isa = PBXResourcesBuildPhase;
			buildActionMask = 2147483647;
			files = (
				1E0E28F02A24E4880072D935 /* LaunchScreen.storyboard in Resources */,
				1E0E28ED2A24E4880072D935 /* Assets.xcassets in Resources */,
				1E0E28EB2A24E4850072D935 /* Main.storyboard in Resources */,
			);
			runOnlyForDeploymentPostprocessing = 0;
		};
		1E0E28F42A24E4880072D935 /* Resources */ = {
			isa = PBXResourcesBuildPhase;
			buildActionMask = 2147483647;
			files = (
			);
			runOnlyForDeploymentPostprocessing = 0;
		};
		1E0E28FE2A24E4880072D935 /* Resources */ = {
			isa = PBXResourcesBuildPhase;
			buildActionMask = 2147483647;
			files = (
			);
			runOnlyForDeploymentPostprocessing = 0;
		};
/* End PBXResourcesBuildPhase section */

/* Begin PBXShellScriptBuildPhase section */
		072843F2249D0733874136B3 /* [CP] Check Pods Manifest.lock */ = {
			isa = PBXShellScriptBuildPhase;
			buildActionMask = 2147483647;
			files = (
			);
			inputFileListPaths = (
			);
			inputPaths = (
				"${PODS_PODFILE_DIR_PATH}/Podfile.lock",
				"${PODS_ROOT}/Manifest.lock",
			);
			name = "[CP] Check Pods Manifest.lock";
			outputFileListPaths = (
			);
			outputPaths = (
				"$(DERIVED_FILE_DIR)/Pods-AutoTest_GithubAction_iOSTests-checkManifestLockResult.txt",
			);
			runOnlyForDeploymentPostprocessing = 0;
			shellPath = /bin/sh;
			shellScript = "diff \"${PODS_PODFILE_DIR_PATH}/Podfile.lock\" \"${PODS_ROOT}/Manifest.lock\" > /dev/null\nif [ $? != 0 ] ; then\n    # print error to STDERR\n    echo \"error: The sandbox is not in sync with the Podfile.lock. Run 'pod install' or update your CocoaPods installation.\" >&2\n    exit 1\nfi\n# This output is used by Xcode 'outputs' to avoid re-running this script phase.\necho \"SUCCESS\" > \"${SCRIPT_OUTPUT_FILE_0}\"\n";
			showEnvVarsInLog = 0;
		};
		1EE651FB4EE0F35888012344 /* [CP] Check Pods Manifest.lock */ = {
			isa = PBXShellScriptBuildPhase;
			buildActionMask = 2147483647;
			files = (
			);
			inputFileListPaths = (
			);
			inputPaths = (
				"${PODS_PODFILE_DIR_PATH}/Podfile.lock",
				"${PODS_ROOT}/Manifest.lock",
			);
			name = "[CP] Check Pods Manifest.lock";
			outputFileListPaths = (
			);
			outputPaths = (
				"$(DERIVED_FILE_DIR)/Pods-AutoTest_GithubAction_iOS-AutoTest_GithubAction_iOSUITests-checkManifestLockResult.txt",
			);
			runOnlyForDeploymentPostprocessing = 0;
			shellPath = /bin/sh;
			shellScript = "diff \"${PODS_PODFILE_DIR_PATH}/Podfile.lock\" \"${PODS_ROOT}/Manifest.lock\" > /dev/null\nif [ $? != 0 ] ; then\n    # print error to STDERR\n    echo \"error: The sandbox is not in sync with the Podfile.lock. Run 'pod install' or update your CocoaPods installation.\" >&2\n    exit 1\nfi\n# This output is used by Xcode 'outputs' to avoid re-running this script phase.\necho \"SUCCESS\" > \"${SCRIPT_OUTPUT_FILE_0}\"\n";
			showEnvVarsInLog = 0;
		};
		5FF805A8E69846CDAF088FF7 /* [CP] Check Pods Manifest.lock */ = {
			isa = PBXShellScriptBuildPhase;
			buildActionMask = 2147483647;
			files = (
			);
			inputFileListPaths = (
			);
			inputPaths = (
				"${PODS_PODFILE_DIR_PATH}/Podfile.lock",
				"${PODS_ROOT}/Manifest.lock",
			);
			name = "[CP] Check Pods Manifest.lock";
			outputFileListPaths = (
			);
			outputPaths = (
				"$(DERIVED_FILE_DIR)/Pods-AutoTest_GithubAction_iOS-checkManifestLockResult.txt",
			);
			runOnlyForDeploymentPostprocessing = 0;
			shellPath = /bin/sh;
			shellScript = "diff \"${PODS_PODFILE_DIR_PATH}/Podfile.lock\" \"${PODS_ROOT}/Manifest.lock\" > /dev/null\nif [ $? != 0 ] ; then\n    # print error to STDERR\n    echo \"error: The sandbox is not in sync with the Podfile.lock. Run 'pod install' or update your CocoaPods installation.\" >&2\n    exit 1\nfi\n# This output is used by Xcode 'outputs' to avoid re-running this script phase.\necho \"SUCCESS\" > \"${SCRIPT_OUTPUT_FILE_0}\"\n";
			showEnvVarsInLog = 0;
		};
/* End PBXShellScriptBuildPhase section */

/* Begin PBXSourcesBuildPhase section */
		1E0E28DC2A24E4850072D935 /* Sources */ = {
			isa = PBXSourcesBuildPhase;
			buildActionMask = 2147483647;
			files = (
				1E0E28E82A24E4850072D935 /* ViewController.swift in Sources */,
				1E0E28E42A24E4850072D935 /* AppDelegate.swift in Sources */,
				1E0E28E62A24E4850072D935 /* SceneDelegate.swift in Sources */,
			);
			runOnlyForDeploymentPostprocessing = 0;
		};
		1E0E28F22A24E4880072D935 /* Sources */ = {
			isa = PBXSourcesBuildPhase;
			buildActionMask = 2147483647;
			files = (
				1E0E28FB2A24E4880072D935 /* AutoTest_GithubAction_iOSTests.swift in Sources */,
			);
			runOnlyForDeploymentPostprocessing = 0;
		};
		1E0E28FC2A24E4880072D935 /* Sources */ = {
			isa = PBXSourcesBuildPhase;
			buildActionMask = 2147483647;
			files = (
				1E0E29072A24E4880072D935 /* AutoTest_GithubAction_iOSUITestsLaunchTests.swift in Sources */,
				1E0E29052A24E4880072D935 /* AutoTest_GithubAction_iOSUITests.swift in Sources */,
			);
			runOnlyForDeploymentPostprocessing = 0;
		};
/* End PBXSourcesBuildPhase section */

/* Begin PBXTargetDependency section */
		1E0E28F82A24E4880072D935 /* PBXTargetDependency */ = {
			isa = PBXTargetDependency;
			target = 1E0E28DF2A24E4850072D935 /* AutoTest_GithubAction_iOS */;
			targetProxy = 1E0E28F72A24E4880072D935 /* PBXContainerItemProxy */;
		};
		1E0E29022A24E4880072D935 /* PBXTargetDependency */ = {
			isa = PBXTargetDependency;
			target = 1E0E28DF2A24E4850072D935 /* AutoTest_GithubAction_iOS */;
			targetProxy = 1E0E29012A24E4880072D935 /* PBXContainerItemProxy */;
		};
/* End PBXTargetDependency section */

/* Begin PBXVariantGroup section */
		1E0E28E92A24E4850072D935 /* Main.storyboard */ = {
			isa = PBXVariantGroup;
			children = (
				1E0E28EA2A24E4850072D935 /* Base */,
			);
			name = Main.storyboard;
			sourceTree = "<group>";
		};
		1E0E28EE2A24E4880072D935 /* LaunchScreen.storyboard */ = {
			isa = PBXVariantGroup;
			children = (
				1E0E28EF2A24E4880072D935 /* Base */,
			);
			name = LaunchScreen.storyboard;
			sourceTree = "<group>";
		};
/* End PBXVariantGroup section */

/* Begin XCBuildConfiguration section */
		1E0E29082A24E4880072D935 /* Debug */ = {
			isa = XCBuildConfiguration;
			buildSettings = {
				ALWAYS_SEARCH_USER_PATHS = NO;
				CLANG_ANALYZER_NONNULL = YES;
				CLANG_ANALYZER_NUMBER_OBJECT_CONVERSION = YES_AGGRESSIVE;
				CLANG_CXX_LANGUAGE_STANDARD = "gnu++20";
				CLANG_ENABLE_MODULES = YES;
				CLANG_ENABLE_OBJC_ARC = YES;
				CLANG_ENABLE_OBJC_WEAK = YES;
				CLANG_WARN_BLOCK_CAPTURE_AUTORELEASING = YES;
				CLANG_WARN_BOOL_CONVERSION = YES;
				CLANG_WARN_COMMA = YES;
				CLANG_WARN_CONSTANT_CONVERSION = YES;
				CLANG_WARN_DEPRECATED_OBJC_IMPLEMENTATIONS = YES;
				CLANG_WARN_DIRECT_OBJC_ISA_USAGE = YES_ERROR;
				CLANG_WARN_DOCUMENTATION_COMMENTS = YES;
				CLANG_WARN_EMPTY_BODY = YES;
				CLANG_WARN_ENUM_CONVERSION = YES;
				CLANG_WARN_INFINITE_RECURSION = YES;
				CLANG_WARN_INT_CONVERSION = YES;
				CLANG_WARN_NON_LITERAL_NULL_CONVERSION = YES;
				CLANG_WARN_OBJC_IMPLICIT_RETAIN_SELF = YES;
				CLANG_WARN_OBJC_LITERAL_CONVERSION = YES;
				CLANG_WARN_OBJC_ROOT_CLASS = YES_ERROR;
				CLANG_WARN_QUOTED_INCLUDE_IN_FRAMEWORK_HEADER = YES;
				CLANG_WARN_RANGE_LOOP_ANALYSIS = YES;
				CLANG_WARN_STRICT_PROTOTYPES = YES;
				CLANG_WARN_SUSPICIOUS_MOVE = YES;
				CLANG_WARN_UNGUARDED_AVAILABILITY = YES_AGGRESSIVE;
				CLANG_WARN_UNREACHABLE_CODE = YES;
				CLANG_WARN__DUPLICATE_METHOD_MATCH = YES;
				COPY_PHASE_STRIP = NO;
				DEBUG_INFORMATION_FORMAT = dwarf;
				ENABLE_STRICT_OBJC_MSGSEND = YES;
				ENABLE_TESTABILITY = YES;
				GCC_C_LANGUAGE_STANDARD = gnu11;
				GCC_DYNAMIC_NO_PIC = NO;
				GCC_NO_COMMON_BLOCKS = YES;
				GCC_OPTIMIZATION_LEVEL = 0;
				GCC_PREPROCESSOR_DEFINITIONS = (
					"DEBUG=1",
					"$(inherited)",
				);
				GCC_WARN_64_TO_32_BIT_CONVERSION = YES;
				GCC_WARN_ABOUT_RETURN_TYPE = YES_ERROR;
				GCC_WARN_UNDECLARED_SELECTOR = YES;
				GCC_WARN_UNINITIALIZED_AUTOS = YES_AGGRESSIVE;
				GCC_WARN_UNUSED_FUNCTION = YES;
				GCC_WARN_UNUSED_VARIABLE = YES;
				IPHONEOS_DEPLOYMENT_TARGET = 16.2;
				MTL_ENABLE_DEBUG_INFO = INCLUDE_SOURCE;
				MTL_FAST_MATH = YES;
				ONLY_ACTIVE_ARCH = YES;
				SDKROOT = iphoneos;
				SWIFT_ACTIVE_COMPILATION_CONDITIONS = DEBUG;
				SWIFT_OPTIMIZATION_LEVEL = "-Onone";
			};
			name = Debug;
		};
		1E0E29092A24E4880072D935 /* Release */ = {
			isa = XCBuildConfiguration;
			buildSettings = {
				ALWAYS_SEARCH_USER_PATHS = NO;
				CLANG_ANALYZER_NONNULL = YES;
				CLANG_ANALYZER_NUMBER_OBJECT_CONVERSION = YES_AGGRESSIVE;
				CLANG_CXX_LANGUAGE_STANDARD = "gnu++20";
				CLANG_ENABLE_MODULES = YES;
				CLANG_ENABLE_OBJC_ARC = YES;
				CLANG_ENABLE_OBJC_WEAK = YES;
				CLANG_WARN_BLOCK_CAPTURE_AUTORELEASING = YES;
				CLANG_WARN_BOOL_CONVERSION = YES;
				CLANG_WARN_COMMA = YES;
				CLANG_WARN_CONSTANT_CONVERSION = YES;
				CLANG_WARN_DEPRECATED_OBJC_IMPLEMENTATIONS = YES;
				CLANG_WARN_DIRECT_OBJC_ISA_USAGE = YES_ERROR;
				CLANG_WARN_DOCUMENTATION_COMMENTS = YES;
				CLANG_WARN_EMPTY_BODY = YES;
				CLANG_WARN_ENUM_CONVERSION = YES;
				CLANG_WARN_INFINITE_RECURSION = YES;
				CLANG_WARN_INT_CONVERSION = YES;
				CLANG_WARN_NON_LITERAL_NULL_CONVERSION = YES;
				CLANG_WARN_OBJC_IMPLICIT_RETAIN_SELF = YES;
				CLANG_WARN_OBJC_LITERAL_CONVERSION = YES;
				CLANG_WARN_OBJC_ROOT_CLASS = YES_ERROR;
				CLANG_WARN_QUOTED_INCLUDE_IN_FRAMEWORK_HEADER = YES;
				CLANG_WARN_RANGE_LOOP_ANALYSIS = YES;
				CLANG_WARN_STRICT_PROTOTYPES = YES;
				CLANG_WARN_SUSPICIOUS_MOVE = YES;
				CLANG_WARN_UNGUARDED_AVAILABILITY = YES_AGGRESSIVE;
				CLANG_WARN_UNREACHABLE_CODE = YES;
				CLANG_WARN__DUPLICATE_METHOD_MATCH = YES;
				COPY_PHASE_STRIP = NO;
				DEBUG_INFORMATION_FORMAT = "dwarf-with-dsym";
				ENABLE_NS_ASSERTIONS = NO;
				ENABLE_STRICT_OBJC_MSGSEND = YES;
				GCC_C_LANGUAGE_STANDARD = gnu11;
				GCC_NO_COMMON_BLOCKS = YES;
				GCC_WARN_64_TO_32_BIT_CONVERSION = YES;
				GCC_WARN_ABOUT_RETURN_TYPE = YES_ERROR;
				GCC_WARN_UNDECLARED_SELECTOR = YES;
				GCC_WARN_UNINITIALIZED_AUTOS = YES_AGGRESSIVE;
				GCC_WARN_UNUSED_FUNCTION = YES;
				GCC_WARN_UNUSED_VARIABLE = YES;
				IPHONEOS_DEPLOYMENT_TARGET = 16.2;
				MTL_ENABLE_DEBUG_INFO = NO;
				MTL_FAST_MATH = YES;
				SDKROOT = iphoneos;
				SWIFT_COMPILATION_MODE = wholemodule;
				SWIFT_OPTIMIZATION_LEVEL = "-O";
				VALIDATE_PRODUCT = YES;
			};
			name = Release;
		};
		1E0E290B2A24E4880072D935 /* Debug */ = {
			isa = XCBuildConfiguration;
			baseConfigurationReference = AA4B951DF67D9624E4A581BE /* Pods-AutoTest_GithubAction_iOS.debug.xcconfig */;
			buildSettings = {
				ASSETCATALOG_COMPILER_APPICON_NAME = AppIcon;
				ASSETCATALOG_COMPILER_GLOBAL_ACCENT_COLOR_NAME = AccentColor;
				CODE_SIGN_STYLE = Automatic;
				CURRENT_PROJECT_VERSION = 1;
				GENERATE_INFOPLIST_FILE = YES;
				INFOPLIST_FILE = AutoTest_GithubAction_iOS/Info.plist;
				INFOPLIST_KEY_UIApplicationSupportsIndirectInputEvents = YES;
				INFOPLIST_KEY_UILaunchStoryboardName = LaunchScreen;
				INFOPLIST_KEY_UIMainStoryboardFile = Main;
				INFOPLIST_KEY_UISupportedInterfaceOrientations_iPad = "UIInterfaceOrientationPortrait UIInterfaceOrientationPortraitUpsideDown UIInterfaceOrientationLandscapeLeft UIInterfaceOrientationLandscapeRight";
				INFOPLIST_KEY_UISupportedInterfaceOrientations_iPhone = "UIInterfaceOrientationPortrait UIInterfaceOrientationLandscapeLeft UIInterfaceOrientationLandscapeRight";
				LD_RUNPATH_SEARCH_PATHS = (
					"$(inherited)",
					"@executable_path/Frameworks",
				);
				MARKETING_VERSION = 1.0;
				PRODUCT_BUNDLE_IDENTIFIER = "HongzCloud.AutoTest-GithubAction-iOS";
				PRODUCT_NAME = "$(TARGET_NAME)";
				SWIFT_EMIT_LOC_STRINGS = YES;
				SWIFT_VERSION = 5.0;
				TARGETED_DEVICE_FAMILY = "1,2";
			};
			name = Debug;
		};
		1E0E290C2A24E4880072D935 /* Release */ = {
			isa = XCBuildConfiguration;
			baseConfigurationReference = 1C09955EC72D2B05D0A134C2 /* Pods-AutoTest_GithubAction_iOS.release.xcconfig */;
			buildSettings = {
				ASSETCATALOG_COMPILER_APPICON_NAME = AppIcon;
				ASSETCATALOG_COMPILER_GLOBAL_ACCENT_COLOR_NAME = AccentColor;
				CODE_SIGN_STYLE = Automatic;
				CURRENT_PROJECT_VERSION = 1;
				GENERATE_INFOPLIST_FILE = YES;
				INFOPLIST_FILE = AutoTest_GithubAction_iOS/Info.plist;
				INFOPLIST_KEY_UIApplicationSupportsIndirectInputEvents = YES;
				INFOPLIST_KEY_UILaunchStoryboardName = LaunchScreen;
				INFOPLIST_KEY_UIMainStoryboardFile = Main;
				INFOPLIST_KEY_UISupportedInterfaceOrientations_iPad = "UIInterfaceOrientationPortrait UIInterfaceOrientationPortraitUpsideDown UIInterfaceOrientationLandscapeLeft UIInterfaceOrientationLandscapeRight";
				INFOPLIST_KEY_UISupportedInterfaceOrientations_iPhone = "UIInterfaceOrientationPortrait UIInterfaceOrientationLandscapeLeft UIInterfaceOrientationLandscapeRight";
				LD_RUNPATH_SEARCH_PATHS = (
					"$(inherited)",
					"@executable_path/Frameworks",
				);
				MARKETING_VERSION = 1.0;
				PRODUCT_BUNDLE_IDENTIFIER = "HongzCloud.AutoTest-GithubAction-iOS";
				PRODUCT_NAME = "$(TARGET_NAME)";
				SWIFT_EMIT_LOC_STRINGS = YES;
				SWIFT_VERSION = 5.0;
				TARGETED_DEVICE_FAMILY = "1,2";
			};
			name = Release;
		};
		1E0E290E2A24E4880072D935 /* Debug */ = {
			isa = XCBuildConfiguration;
			baseConfigurationReference = 0D6937C71C5A14ADDBB8602A /* Pods-AutoTest_GithubAction_iOSTests.debug.xcconfig */;
			buildSettings = {
				ALWAYS_EMBED_SWIFT_STANDARD_LIBRARIES = YES;
				BUNDLE_LOADER = "$(TEST_HOST)";
				CODE_SIGN_STYLE = Automatic;
				CURRENT_PROJECT_VERSION = 1;
				GENERATE_INFOPLIST_FILE = YES;
				IPHONEOS_DEPLOYMENT_TARGET = 16.2;
				MARKETING_VERSION = 1.0;
				PRODUCT_BUNDLE_IDENTIFIER = "HongzCloud.AutoTest-GithubAction-iOSTests";
				PRODUCT_NAME = "$(TARGET_NAME)";
				SWIFT_EMIT_LOC_STRINGS = NO;
				SWIFT_VERSION = 5.0;
				TARGETED_DEVICE_FAMILY = "1,2";
				TEST_HOST = "$(BUILT_PRODUCTS_DIR)/AutoTest_GithubAction_iOS.app/$(BUNDLE_EXECUTABLE_FOLDER_PATH)/AutoTest_GithubAction_iOS";
			};
			name = Debug;
		};
		1E0E290F2A24E4880072D935 /* Release */ = {
			isa = XCBuildConfiguration;
			baseConfigurationReference = E555D07B0EA5AEA84FBFFEC1 /* Pods-AutoTest_GithubAction_iOSTests.release.xcconfig */;
			buildSettings = {
				ALWAYS_EMBED_SWIFT_STANDARD_LIBRARIES = YES;
				BUNDLE_LOADER = "$(TEST_HOST)";
				CODE_SIGN_STYLE = Automatic;
				CURRENT_PROJECT_VERSION = 1;
				GENERATE_INFOPLIST_FILE = YES;
				IPHONEOS_DEPLOYMENT_TARGET = 16.2;
				MARKETING_VERSION = 1.0;
				PRODUCT_BUNDLE_IDENTIFIER = "HongzCloud.AutoTest-GithubAction-iOSTests";
				PRODUCT_NAME = "$(TARGET_NAME)";
				SWIFT_EMIT_LOC_STRINGS = NO;
				SWIFT_VERSION = 5.0;
				TARGETED_DEVICE_FAMILY = "1,2";
				TEST_HOST = "$(BUILT_PRODUCTS_DIR)/AutoTest_GithubAction_iOS.app/$(BUNDLE_EXECUTABLE_FOLDER_PATH)/AutoTest_GithubAction_iOS";
			};
			name = Release;
		};
		1E0E29112A24E4880072D935 /* Debug */ = {
			isa = XCBuildConfiguration;
			baseConfigurationReference = 0519F8A084B147A06410B311 /* Pods-AutoTest_GithubAction_iOS-AutoTest_GithubAction_iOSUITests.debug.xcconfig */;
			buildSettings = {
				ALWAYS_EMBED_SWIFT_STANDARD_LIBRARIES = YES;
				CODE_SIGN_STYLE = Automatic;
				CURRENT_PROJECT_VERSION = 1;
				GENERATE_INFOPLIST_FILE = YES;
				MARKETING_VERSION = 1.0;
				PRODUCT_BUNDLE_IDENTIFIER = "HongzCloud.AutoTest-GithubAction-iOSUITests";
				PRODUCT_NAME = "$(TARGET_NAME)";
				SWIFT_EMIT_LOC_STRINGS = NO;
				SWIFT_VERSION = 5.0;
				TARGETED_DEVICE_FAMILY = "1,2";
				TEST_TARGET_NAME = AutoTest_GithubAction_iOS;
			};
			name = Debug;
		};
		1E0E29122A24E4880072D935 /* Release */ = {
			isa = XCBuildConfiguration;
			baseConfigurationReference = 928C36DED2EDF0948AA59E6A /* Pods-AutoTest_GithubAction_iOS-AutoTest_GithubAction_iOSUITests.release.xcconfig */;
			buildSettings = {
				ALWAYS_EMBED_SWIFT_STANDARD_LIBRARIES = YES;
				CODE_SIGN_STYLE = Automatic;
				CURRENT_PROJECT_VERSION = 1;
				GENERATE_INFOPLIST_FILE = YES;
				MARKETING_VERSION = 1.0;
				PRODUCT_BUNDLE_IDENTIFIER = "HongzCloud.AutoTest-GithubAction-iOSUITests";
				PRODUCT_NAME = "$(TARGET_NAME)";
				SWIFT_EMIT_LOC_STRINGS = NO;
				SWIFT_VERSION = 5.0;
				TARGETED_DEVICE_FAMILY = "1,2";
				TEST_TARGET_NAME = AutoTest_GithubAction_iOS;
			};
			name = Release;
		};
/* End XCBuildConfiguration section */

/* Begin XCConfigurationList section */
		1E0E28DB2A24E4850072D935 /* Build configuration list for PBXProject "AutoTest_GithubAction_iOS" */ = {
			isa = XCConfigurationList;
			buildConfigurations = (
				1E0E29082A24E4880072D935 /* Debug */,
				1E0E29092A24E4880072D935 /* Release */,
			);
			defaultConfigurationIsVisible = 0;
			defaultConfigurationName = Release;
		};
		1E0E290A2A24E4880072D935 /* Build configuration list for PBXNativeTarget "AutoTest_GithubAction_iOS" */ = {
			isa = XCConfigurationList;
			buildConfigurations = (
				1E0E290B2A24E4880072D935 /* Debug */,
				1E0E290C2A24E4880072D935 /* Release */,
			);
			defaultConfigurationIsVisible = 0;
			defaultConfigurationName = Release;
		};
		1E0E290D2A24E4880072D935 /* Build configuration list for PBXNativeTarget "AutoTest_GithubAction_iOSTests" */ = {
			isa = XCConfigurationList;
			buildConfigurations = (
				1E0E290E2A24E4880072D935 /* Debug */,
				1E0E290F2A24E4880072D935 /* Release */,
			);
			defaultConfigurationIsVisible = 0;
			defaultConfigurationName = Release;
		};
		1E0E29102A24E4880072D935 /* Build configuration list for PBXNativeTarget "AutoTest_GithubAction_iOSUITests" */ = {
			isa = XCConfigurationList;
			buildConfigurations = (
				1E0E29112A24E4880072D935 /* Debug */,
				1E0E29122A24E4880072D935 /* Release */,
			);
			defaultConfigurationIsVisible = 0;
			defaultConfigurationName = Release;
		};
/* End XCConfigurationList section */
	};
	rootObject = 1E0E28D82A24E4850072D935 /* Project object */;
}
